// !$*UTF8*$!
{
	archiveVersion = 1;
	classes = {
	};
	objectVersion = 50;
	objects = {

/* Begin PBXBuildFile section */
		FACC06D421F3C75400AFC836 /* HomeViewController.swift in Sources */ = {isa = PBXBuildFile; fileRef = FACC06D321F3C75400AFC836 /* HomeViewController.swift */; };
		FACC06D621F3CBF900AFC836 /* SearchViewController.swift in Sources */ = {isa = PBXBuildFile; fileRef = FACC06D521F3CBF900AFC836 /* SearchViewController.swift */; };
		FACC06D821F3CD6400AFC836 /* AddPublicationViewController.swift in Sources */ = {isa = PBXBuildFile; fileRef = FACC06D721F3CD6400AFC836 /* AddPublicationViewController.swift */; };
		FACC06DA21F3CD7500AFC836 /* ProfileViewController.swift in Sources */ = {isa = PBXBuildFile; fileRef = FACC06D921F3CD7500AFC836 /* ProfileViewController.swift */; };
		FAE5A53521F366EE007A8EA9 /* AppDelegate.swift in Sources */ = {isa = PBXBuildFile; fileRef = FAE5A53421F366EE007A8EA9 /* AppDelegate.swift */; };
		FAE5A53A21F366EE007A8EA9 /* Main.storyboard in Resources */ = {isa = PBXBuildFile; fileRef = FAE5A53821F366EE007A8EA9 /* Main.storyboard */; };
		FAE5A53C21F366F0007A8EA9 /* Assets.xcassets in Resources */ = {isa = PBXBuildFile; fileRef = FAE5A53B21F366F0007A8EA9 /* Assets.xcassets */; };
		FAE5A53F21F366F0007A8EA9 /* LaunchScreen.storyboard in Resources */ = {isa = PBXBuildFile; fileRef = FAE5A53D21F366F0007A8EA9 /* LaunchScreen.storyboard */; };
		FAE5A54A21F366F0007A8EA9 /* TechBookTests.swift in Sources */ = {isa = PBXBuildFile; fileRef = FAE5A54921F366F0007A8EA9 /* TechBookTests.swift */; };
		FAE5A55521F366F0007A8EA9 /* TechBookUITests.swift in Sources */ = {isa = PBXBuildFile; fileRef = FAE5A55421F366F0007A8EA9 /* TechBookUITests.swift */; };
		FAE5A56821F36C42007A8EA9 /* SignUpViewController.swift in Sources */ = {isa = PBXBuildFile; fileRef = FAE5A56721F36C42007A8EA9 /* SignUpViewController.swift */; };
		FAE5A56A21F36E7C007A8EA9 /* SignInViewController.swift in Sources */ = {isa = PBXBuildFile; fileRef = FAE5A56921F36E7C007A8EA9 /* SignInViewController.swift */; };
/* End PBXBuildFile section */

/* Begin PBXContainerItemProxy section */
		FAE5A54621F366F0007A8EA9 /* PBXContainerItemProxy */ = {
			isa = PBXContainerItemProxy;
			containerPortal = FAE5A52921F366EE007A8EA9 /* Project object */;
			proxyType = 1;
			remoteGlobalIDString = FAE5A53021F366EE007A8EA9;
			remoteInfo = TechBook;
		};
		FAE5A55121F366F0007A8EA9 /* PBXContainerItemProxy */ = {
			isa = PBXContainerItemProxy;
			containerPortal = FAE5A52921F366EE007A8EA9 /* Project object */;
			proxyType = 1;
			remoteGlobalIDString = FAE5A53021F366EE007A8EA9;
			remoteInfo = TechBook;
		};
/* End PBXContainerItemProxy section */

/* Begin PBXFileReference section */
		FACC06D321F3C75400AFC836 /* HomeViewController.swift */ = {isa = PBXFileReference; lastKnownFileType = sourcecode.swift; path = HomeViewController.swift; sourceTree = "<group>"; };
		FACC06D521F3CBF900AFC836 /* SearchViewController.swift */ = {isa = PBXFileReference; lastKnownFileType = sourcecode.swift; path = SearchViewController.swift; sourceTree = "<group>"; };
		FACC06D721F3CD6400AFC836 /* AddPublicationViewController.swift */ = {isa = PBXFileReference; lastKnownFileType = sourcecode.swift; path = AddPublicationViewController.swift; sourceTree = "<group>"; };
		FACC06D921F3CD7500AFC836 /* ProfileViewController.swift */ = {isa = PBXFileReference; lastKnownFileType = sourcecode.swift; path = ProfileViewController.swift; sourceTree = "<group>"; };
		FAE5A53121F366EE007A8EA9 /* TechBook.app */ = {isa = PBXFileReference; explicitFileType = wrapper.application; includeInIndex = 0; path = TechBook.app; sourceTree = BUILT_PRODUCTS_DIR; };
		FAE5A53421F366EE007A8EA9 /* AppDelegate.swift */ = {isa = PBXFileReference; lastKnownFileType = sourcecode.swift; path = AppDelegate.swift; sourceTree = "<group>"; };
		FAE5A53921F366EE007A8EA9 /* Base */ = {isa = PBXFileReference; lastKnownFileType = file.storyboard; name = Base; path = Base.lproj/Main.storyboard; sourceTree = "<group>"; };
		FAE5A53B21F366F0007A8EA9 /* Assets.xcassets */ = {isa = PBXFileReference; lastKnownFileType = folder.assetcatalog; path = Assets.xcassets; sourceTree = "<group>"; };
		FAE5A53E21F366F0007A8EA9 /* Base */ = {isa = PBXFileReference; lastKnownFileType = file.storyboard; name = Base; path = Base.lproj/LaunchScreen.storyboard; sourceTree = "<group>"; };
		FAE5A54021F366F0007A8EA9 /* Info.plist */ = {isa = PBXFileReference; lastKnownFileType = text.plist.xml; path = Info.plist; sourceTree = "<group>"; };
		FAE5A54521F366F0007A8EA9 /* TechBookTests.xctest */ = {isa = PBXFileReference; explicitFileType = wrapper.cfbundle; includeInIndex = 0; path = TechBookTests.xctest; sourceTree = BUILT_PRODUCTS_DIR; };
		FAE5A54921F366F0007A8EA9 /* TechBookTests.swift */ = {isa = PBXFileReference; lastKnownFileType = sourcecode.swift; path = TechBookTests.swift; sourceTree = "<group>"; };
		FAE5A54B21F366F0007A8EA9 /* Info.plist */ = {isa = PBXFileReference; lastKnownFileType = text.plist.xml; path = Info.plist; sourceTree = "<group>"; };
		FAE5A55021F366F0007A8EA9 /* TechBookUITests.xctest */ = {isa = PBXFileReference; explicitFileType = wrapper.cfbundle; includeInIndex = 0; path = TechBookUITests.xctest; sourceTree = BUILT_PRODUCTS_DIR; };
		FAE5A55421F366F0007A8EA9 /* TechBookUITests.swift */ = {isa = PBXFileReference; lastKnownFileType = sourcecode.swift; path = TechBookUITests.swift; sourceTree = "<group>"; };
		FAE5A55621F366F0007A8EA9 /* Info.plist */ = {isa = PBXFileReference; lastKnownFileType = text.plist.xml; path = Info.plist; sourceTree = "<group>"; };
		FAE5A56721F36C42007A8EA9 /* SignUpViewController.swift */ = {isa = PBXFileReference; lastKnownFileType = sourcecode.swift; path = SignUpViewController.swift; sourceTree = "<group>"; };
		FAE5A56921F36E7C007A8EA9 /* SignInViewController.swift */ = {isa = PBXFileReference; lastKnownFileType = sourcecode.swift; path = SignInViewController.swift; sourceTree = "<group>"; };
/* End PBXFileReference section */

/* Begin PBXFrameworksBuildPhase section */
		FAE5A52E21F366EE007A8EA9 /* Frameworks */ = {
			isa = PBXFrameworksBuildPhase;
			buildActionMask = 2147483647;
			files = (
			);
			runOnlyForDeploymentPostprocessing = 0;
		};
		FAE5A54221F366F0007A8EA9 /* Frameworks */ = {
			isa = PBXFrameworksBuildPhase;
			buildActionMask = 2147483647;
			files = (
			);
			runOnlyForDeploymentPostprocessing = 0;
		};
		FAE5A54D21F366F0007A8EA9 /* Frameworks */ = {
			isa = PBXFrameworksBuildPhase;
			buildActionMask = 2147483647;
			files = (
			);
			runOnlyForDeploymentPostprocessing = 0;
		};
/* End PBXFrameworksBuildPhase section */

/* Begin PBXGroup section */
		FAE5A52821F366EE007A8EA9 = {
			isa = PBXGroup;
			children = (
				FAE5A53321F366EE007A8EA9 /* TechBook */,
				FAE5A54821F366F0007A8EA9 /* TechBookTests */,
				FAE5A55321F366F0007A8EA9 /* TechBookUITests */,
				FAE5A53221F366EE007A8EA9 /* Products */,
			);
			sourceTree = "<group>";
		};
		FAE5A53221F366EE007A8EA9 /* Products */ = {
			isa = PBXGroup;
			children = (
				FAE5A53121F366EE007A8EA9 /* TechBook.app */,
				FAE5A54521F366F0007A8EA9 /* TechBookTests.xctest */,
				FAE5A55021F366F0007A8EA9 /* TechBookUITests.xctest */,
			);
			name = Products;
			sourceTree = "<group>";
		};
		FAE5A53321F366EE007A8EA9 /* TechBook */ = {
			isa = PBXGroup;
			children = (
				FAE5A56621F36850007A8EA9 /* Models */,
				FAE5A56221F36806007A8EA9 /* Controllers */,
				FAE5A53421F366EE007A8EA9 /* AppDelegate.swift */,
				FAE5A53821F366EE007A8EA9 /* Main.storyboard */,
				FAE5A53B21F366F0007A8EA9 /* Assets.xcassets */,
				FAE5A53D21F366F0007A8EA9 /* LaunchScreen.storyboard */,
				FAE5A54021F366F0007A8EA9 /* Info.plist */,
			);
			path = TechBook;
			sourceTree = "<group>";
		};
		FAE5A54821F366F0007A8EA9 /* TechBookTests */ = {
			isa = PBXGroup;
			children = (
				FAE5A54921F366F0007A8EA9 /* TechBookTests.swift */,
				FAE5A54B21F366F0007A8EA9 /* Info.plist */,
			);
			path = TechBookTests;
			sourceTree = "<group>";
		};
		FAE5A55321F366F0007A8EA9 /* TechBookUITests */ = {
			isa = PBXGroup;
			children = (
				FAE5A55421F366F0007A8EA9 /* TechBookUITests.swift */,
				FAE5A55621F366F0007A8EA9 /* Info.plist */,
			);
			path = TechBookUITests;
			sourceTree = "<group>";
		};
		FAE5A56221F36806007A8EA9 /* Controllers */ = {
			isa = PBXGroup;
			children = (
				FAE5A56921F36E7C007A8EA9 /* SignInViewController.swift */,
				FAE5A56721F36C42007A8EA9 /* SignUpViewController.swift */,
				FACC06D321F3C75400AFC836 /* HomeViewController.swift */,
				FACC06D521F3CBF900AFC836 /* SearchViewController.swift */,
				FACC06D721F3CD6400AFC836 /* AddPublicationViewController.swift */,
				FACC06D921F3CD7500AFC836 /* ProfileViewController.swift */,
			);
			path = Controllers;
			sourceTree = "<group>";
		};
		FAE5A56621F36850007A8EA9 /* Models */ = {
			isa = PBXGroup;
			children = (
			);
			path = Models;
			sourceTree = "<group>";
		};
/* End PBXGroup section */

/* Begin PBXNativeTarget section */
		FAE5A53021F366EE007A8EA9 /* TechBook */ = {
			isa = PBXNativeTarget;
			buildConfigurationList = FAE5A55921F366F0007A8EA9 /* Build configuration list for PBXNativeTarget "TechBook" */;
			buildPhases = (
				FAE5A52D21F366EE007A8EA9 /* Sources */,
				FAE5A52E21F366EE007A8EA9 /* Frameworks */,
				FAE5A52F21F366EE007A8EA9 /* Resources */,
			);
			buildRules = (
			);
			dependencies = (
			);
			name = TechBook;
			productName = TechBook;
			productReference = FAE5A53121F366EE007A8EA9 /* TechBook.app */;
			productType = "com.apple.product-type.application";
		};
		FAE5A54421F366F0007A8EA9 /* TechBookTests */ = {
			isa = PBXNativeTarget;
			buildConfigurationList = FAE5A55C21F366F0007A8EA9 /* Build configuration list for PBXNativeTarget "TechBookTests" */;
			buildPhases = (
				FAE5A54121F366F0007A8EA9 /* Sources */,
				FAE5A54221F366F0007A8EA9 /* Frameworks */,
				FAE5A54321F366F0007A8EA9 /* Resources */,
			);
			buildRules = (
			);
			dependencies = (
				FAE5A54721F366F0007A8EA9 /* PBXTargetDependency */,
			);
			name = TechBookTests;
			productName = TechBookTests;
			productReference = FAE5A54521F366F0007A8EA9 /* TechBookTests.xctest */;
			productType = "com.apple.product-type.bundle.unit-test";
		};
		FAE5A54F21F366F0007A8EA9 /* TechBookUITests */ = {
			isa = PBXNativeTarget;
			buildConfigurationList = FAE5A55F21F366F0007A8EA9 /* Build configuration list for PBXNativeTarget "TechBookUITests" */;
			buildPhases = (
				FAE5A54C21F366F0007A8EA9 /* Sources */,
				FAE5A54D21F366F0007A8EA9 /* Frameworks */,
				FAE5A54E21F366F0007A8EA9 /* Resources */,
			);
			buildRules = (
			);
			dependencies = (
				FAE5A55221F366F0007A8EA9 /* PBXTargetDependency */,
			);
			name = TechBookUITests;
			productName = TechBookUITests;
			productReference = FAE5A55021F366F0007A8EA9 /* TechBookUITests.xctest */;
			productType = "com.apple.product-type.bundle.ui-testing";
		};
/* End PBXNativeTarget section */

/* Begin PBXProject section */
		FAE5A52921F366EE007A8EA9 /* Project object */ = {
			isa = PBXProject;
			attributes = {
				LastSwiftUpdateCheck = 1010;
				LastUpgradeCheck = 1010;
				ORGANIZATIONNAME = MacBook;
				TargetAttributes = {
					FAE5A53021F366EE007A8EA9 = {
						CreatedOnToolsVersion = 10.1;
					};
					FAE5A54421F366F0007A8EA9 = {
						CreatedOnToolsVersion = 10.1;
						TestTargetID = FAE5A53021F366EE007A8EA9;
					};
					FAE5A54F21F366F0007A8EA9 = {
						CreatedOnToolsVersion = 10.1;
						TestTargetID = FAE5A53021F366EE007A8EA9;
					};
				};
			};
			buildConfigurationList = FAE5A52C21F366EE007A8EA9 /* Build configuration list for PBXProject "TechBook" */;
			compatibilityVersion = "Xcode 9.3";
			developmentRegion = en;
			hasScannedForEncodings = 0;
			knownRegions = (
				en,
				Base,
			);
			mainGroup = FAE5A52821F366EE007A8EA9;
			productRefGroup = FAE5A53221F366EE007A8EA9 /* Products */;
			projectDirPath = "";
			projectRoot = "";
			targets = (
				FAE5A53021F366EE007A8EA9 /* TechBook */,
				FAE5A54421F366F0007A8EA9 /* TechBookTests */,
				FAE5A54F21F366F0007A8EA9 /* TechBookUITests */,
			);
		};
/* End PBXProject section */

/* Begin PBXResourcesBuildPhase section */
		FAE5A52F21F366EE007A8EA9 /* Resources */ = {
			isa = PBXResourcesBuildPhase;
			buildActionMask = 2147483647;
			files = (
				FAE5A53F21F366F0007A8EA9 /* LaunchScreen.storyboard in Resources */,
				FAE5A53C21F366F0007A8EA9 /* Assets.xcassets in Resources */,
				FAE5A53A21F366EE007A8EA9 /* Main.storyboard in Resources */,
			);
			runOnlyForDeploymentPostprocessing = 0;
		};
		FAE5A54321F366F0007A8EA9 /* Resources */ = {
			isa = PBXResourcesBuildPhase;
			buildActionMask = 2147483647;
			files = (
			);
			runOnlyForDeploymentPostprocessing = 0;
		};
		FAE5A54E21F366F0007A8EA9 /* Resources */ = {
			isa = PBXResourcesBuildPhase;
			buildActionMask = 2147483647;
			files = (
			);
			runOnlyForDeploymentPostprocessing = 0;
		};
/* End PBXResourcesBuildPhase section */

/* Begin PBXSourcesBuildPhase section */
		FAE5A52D21F366EE007A8EA9 /* Sources */ = {
			isa = PBXSourcesBuildPhase;
			buildActionMask = 2147483647;
			files = (
				FACC06D621F3CBF900AFC836 /* SearchViewController.swift in Sources */,
				FAE5A56821F36C42007A8EA9 /* SignUpViewController.swift in Sources */,
				FAE5A53521F366EE007A8EA9 /* AppDelegate.swift in Sources */,
				FACC06D821F3CD6400AFC836 /* AddPublicationViewController.swift in Sources */,
				FACC06DA21F3CD7500AFC836 /* ProfileViewController.swift in Sources */,
				FAE5A56A21F36E7C007A8EA9 /* SignInViewController.swift in Sources */,
				FACC06D421F3C75400AFC836 /* HomeViewController.swift in Sources */,
			);
			runOnlyForDeploymentPostprocessing = 0;
		};
		FAE5A54121F366F0007A8EA9 /* Sources */ = {
			isa = PBXSourcesBuildPhase;
			buildActionMask = 2147483647;
			files = (
				FAE5A54A21F366F0007A8EA9 /* TechBookTests.swift in Sources */,
			);
			runOnlyForDeploymentPostprocessing = 0;
		};
		FAE5A54C21F366F0007A8EA9 /* Sources */ = {
			isa = PBXSourcesBuildPhase;
			buildActionMask = 2147483647;
			files = (
				FAE5A55521F366F0007A8EA9 /* TechBookUITests.swift in Sources */,
			);
			runOnlyForDeploymentPostprocessing = 0;
		};
/* End PBXSourcesBuildPhase section */

/* Begin PBXTargetDependency section */
		FAE5A54721F366F0007A8EA9 /* PBXTargetDependency */ = {
			isa = PBXTargetDependency;
			target = FAE5A53021F366EE007A8EA9 /* TechBook */;
			targetProxy = FAE5A54621F366F0007A8EA9 /* PBXContainerItemProxy */;
		};
		FAE5A55221F366F0007A8EA9 /* PBXTargetDependency */ = {
			isa = PBXTargetDependency;
			target = FAE5A53021F366EE007A8EA9 /* TechBook */;
			targetProxy = FAE5A55121F366F0007A8EA9 /* PBXContainerItemProxy */;
		};
/* End PBXTargetDependency section */

/* Begin PBXVariantGroup section */
		FAE5A53821F366EE007A8EA9 /* Main.storyboard */ = {
			isa = PBXVariantGroup;
			children = (
				FAE5A53921F366EE007A8EA9 /* Base */,
			);
			name = Main.storyboard;
			sourceTree = "<group>";
		};
		FAE5A53D21F366F0007A8EA9 /* LaunchScreen.storyboard */ = {
			isa = PBXVariantGroup;
			children = (
				FAE5A53E21F366F0007A8EA9 /* Base */,
			);
			name = LaunchScreen.storyboard;
			sourceTree = "<group>";
		};
/* End PBXVariantGroup section */

/* Begin XCBuildConfiguration section */
		FAE5A55721F366F0007A8EA9 /* Debug */ = {
			isa = XCBuildConfiguration;
			buildSettings = {
				ALWAYS_SEARCH_USER_PATHS = NO;
				CLANG_ANALYZER_NONNULL = YES;
				CLANG_ANALYZER_NUMBER_OBJECT_CONVERSION = YES_AGGRESSIVE;
				CLANG_CXX_LANGUAGE_STANDARD = "gnu++14";
				CLANG_CXX_LIBRARY = "libc++";
				CLANG_ENABLE_MODULES = YES;
				CLANG_ENABLE_OBJC_ARC = YES;
				CLANG_ENABLE_OBJC_WEAK = YES;
				CLANG_WARN_BLOCK_CAPTURE_AUTORELEASING = YES;
				CLANG_WARN_BOOL_CONVERSION = YES;
				CLANG_WARN_COMMA = YES;
				CLANG_WARN_CONSTANT_CONVERSION = YES;
				CLANG_WARN_DEPRECATED_OBJC_IMPLEMENTATIONS = YES;
				CLANG_WARN_DIRECT_OBJC_ISA_USAGE = YES_ERROR;
				CLANG_WARN_DOCUMENTATION_COMMENTS = YES;
				CLANG_WARN_EMPTY_BODY = YES;
				CLANG_WARN_ENUM_CONVERSION = YES;
				CLANG_WARN_INFINITE_RECURSION = YES;
				CLANG_WARN_INT_CONVERSION = YES;
				CLANG_WARN_NON_LITERAL_NULL_CONVERSION = YES;
				CLANG_WARN_OBJC_IMPLICIT_RETAIN_SELF = YES;
				CLANG_WARN_OBJC_LITERAL_CONVERSION = YES;
				CLANG_WARN_OBJC_ROOT_CLASS = YES_ERROR;
				CLANG_WARN_RANGE_LOOP_ANALYSIS = YES;
				CLANG_WARN_STRICT_PROTOTYPES = YES;
				CLANG_WARN_SUSPICIOUS_MOVE = YES;
				CLANG_WARN_UNGUARDED_AVAILABILITY = YES_AGGRESSIVE;
				CLANG_WARN_UNREACHABLE_CODE = YES;
				CLANG_WARN__DUPLICATE_METHOD_MATCH = YES;
				CODE_SIGN_IDENTITY = "iPhone Developer";
				COPY_PHASE_STRIP = NO;
				DEBUG_INFORMATION_FORMAT = dwarf;
				ENABLE_STRICT_OBJC_MSGSEND = YES;
				ENABLE_TESTABILITY = YES;
				GCC_C_LANGUAGE_STANDARD = gnu11;
				GCC_DYNAMIC_NO_PIC = NO;
				GCC_NO_COMMON_BLOCKS = YES;
				GCC_OPTIMIZATION_LEVEL = 0;
				GCC_PREPROCESSOR_DEFINITIONS = (
					"DEBUG=1",
					"$(inherited)",
				);
				GCC_WARN_64_TO_32_BIT_CONVERSION = YES;
				GCC_WARN_ABOUT_RETURN_TYPE = YES_ERROR;
				GCC_WARN_UNDECLARED_SELECTOR = YES;
				GCC_WARN_UNINITIALIZED_AUTOS = YES_AGGRESSIVE;
				GCC_WARN_UNUSED_FUNCTION = YES;
				GCC_WARN_UNUSED_VARIABLE = YES;
				IPHONEOS_DEPLOYMENT_TARGET = 12.1;
				MTL_ENABLE_DEBUG_INFO = INCLUDE_SOURCE;
				MTL_FAST_MATH = YES;
				ONLY_ACTIVE_ARCH = YES;
				SDKROOT = iphoneos;
				SWIFT_ACTIVE_COMPILATION_CONDITIONS = DEBUG;
				SWIFT_OPTIMIZATION_LEVEL = "-Onone";
			};
			name = Debug;
		};
		FAE5A55821F366F0007A8EA9 /* Release */ = {
			isa = XCBuildConfiguration;
			buildSettings = {
				ALWAYS_SEARCH_USER_PATHS = NO;
				CLANG_ANALYZER_NONNULL = YES;
				CLANG_ANALYZER_NUMBER_OBJECT_CONVERSION = YES_AGGRESSIVE;
				CLANG_CXX_LANGUAGE_STANDARD = "gnu++14";
				CLANG_CXX_LIBRARY = "libc++";
				CLANG_ENABLE_MODULES = YES;
				CLANG_ENABLE_OBJC_ARC = YES;
				CLANG_ENABLE_OBJC_WEAK = YES;
				CLANG_WARN_BLOCK_CAPTURE_AUTORELEASING = YES;
				CLANG_WARN_BOOL_CONVERSION = YES;
				CLANG_WARN_COMMA = YES;
				CLANG_WARN_CONSTANT_CONVERSION = YES;
				CLANG_WARN_DEPRECATED_OBJC_IMPLEMENTATIONS = YES;
				CLANG_WARN_DIRECT_OBJC_ISA_USAGE = YES_ERROR;
				CLANG_WARN_DOCUMENTATION_COMMENTS = YES;
				CLANG_WARN_EMPTY_BODY = YES;
				CLANG_WARN_ENUM_CONVERSION = YES;
				CLANG_WARN_INFINITE_RECURSION = YES;
				CLANG_WARN_INT_CONVERSION = YES;
				CLANG_WARN_NON_LITERAL_NULL_CONVERSION = YES;
				CLANG_WARN_OBJC_IMPLICIT_RETAIN_SELF = YES;
				CLANG_WARN_OBJC_LITERAL_CONVERSION = YES;
				CLANG_WARN_OBJC_ROOT_CLASS = YES_ERROR;
				CLANG_WARN_RANGE_LOOP_ANALYSIS = YES;
				CLANG_WARN_STRICT_PROTOTYPES = YES;
				CLANG_WARN_SUSPICIOUS_MOVE = YES;
				CLANG_WARN_UNGUARDED_AVAILABILITY = YES_AGGRESSIVE;
				CLANG_WARN_UNREACHABLE_CODE = YES;
				CLANG_WARN__DUPLICATE_METHOD_MATCH = YES;
				CODE_SIGN_IDENTITY = "iPhone Developer";
				COPY_PHASE_STRIP = NO;
				DEBUG_INFORMATION_FORMAT = "dwarf-with-dsym";
				ENABLE_NS_ASSERTIONS = NO;
				ENABLE_STRICT_OBJC_MSGSEND = YES;
				GCC_C_LANGUAGE_STANDARD = gnu11;
				GCC_NO_COMMON_BLOCKS = YES;
				GCC_WARN_64_TO_32_BIT_CONVERSION = YES;
				GCC_WARN_ABOUT_RETURN_TYPE = YES_ERROR;
				GCC_WARN_UNDECLARED_SELECTOR = YES;
				GCC_WARN_UNINITIALIZED_AUTOS = YES_AGGRESSIVE;
				GCC_WARN_UNUSED_FUNCTION = YES;
				GCC_WARN_UNUSED_VARIABLE = YES;
				IPHONEOS_DEPLOYMENT_TARGET = 12.1;
				MTL_ENABLE_DEBUG_INFO = NO;
				MTL_FAST_MATH = YES;
				SDKROOT = iphoneos;
				SWIFT_COMPILATION_MODE = wholemodule;
				SWIFT_OPTIMIZATION_LEVEL = "-O";
				VALIDATE_PRODUCT = YES;
			};
			name = Release;
		};
		FAE5A55A21F366F0007A8EA9 /* Debug */ = {
			isa = XCBuildConfiguration;
			buildSettings = {
				ASSETCATALOG_COMPILER_APPICON_NAME = AppIcon;
				CODE_SIGN_STYLE = Automatic;
				DEVELOPMENT_TEAM = YJXTYGC4LF;
				INFOPLIST_FILE = TechBook/Info.plist;
				LD_RUNPATH_SEARCH_PATHS = (
					"$(inherited)",
					"@executable_path/Frameworks",
				);
				PRODUCT_BUNDLE_IDENTIFIER = com.Moben.TechBook;
				PRODUCT_NAME = "$(TARGET_NAME)";
				SWIFT_VERSION = 4.2;
				TARGETED_DEVICE_FAMILY = "1,2";
			};
			name = Debug;
		};
		FAE5A55B21F366F0007A8EA9 /* Release */ = {
			isa = XCBuildConfiguration;
			buildSettings = {
				ASSETCATALOG_COMPILER_APPICON_NAME = AppIcon;
				CODE_SIGN_STYLE = Automatic;
				DEVELOPMENT_TEAM = YJXTYGC4LF;
				INFOPLIST_FILE = TechBook/Info.plist;
				LD_RUNPATH_SEARCH_PATHS = (
					"$(inherited)",
					"@executable_path/Frameworks",
				);
				PRODUCT_BUNDLE_IDENTIFIER = com.Moben.TechBook;
				PRODUCT_NAME = "$(TARGET_NAME)";
				SWIFT_VERSION = 4.2;
				TARGETED_DEVICE_FAMILY = "1,2";
			};
			name = Release;
		};
		FAE5A55D21F366F0007A8EA9 /* Debug */ = {
			isa = XCBuildConfiguration;
			buildSettings = {
				ALWAYS_EMBED_SWIFT_STANDARD_LIBRARIES = YES;
				BUNDLE_LOADER = "$(TEST_HOST)";
				CODE_SIGN_STYLE = Automatic;
				INFOPLIST_FILE = TechBookTests/Info.plist;
				LD_RUNPATH_SEARCH_PATHS = (
					"$(inherited)",
					"@executable_path/Frameworks",
					"@loader_path/Frameworks",
				);
				PRODUCT_BUNDLE_IDENTIFIER = com.Moben.TechBookTests;
				PRODUCT_NAME = "$(TARGET_NAME)";
				SWIFT_VERSION = 4.2;
				TARGETED_DEVICE_FAMILY = "1,2";
				TEST_HOST = "$(BUILT_PRODUCTS_DIR)/TechBook.app/TechBook";
			};
			name = Debug;
		};
		FAE5A55E21F366F0007A8EA9 /* Release */ = {
			isa = XCBuildConfiguration;
			buildSettings = {
				ALWAYS_EMBED_SWIFT_STANDARD_LIBRARIES = YES;
				BUNDLE_LOADER = "$(TEST_HOST)";
				CODE_SIGN_STYLE = Automatic;
				INFOPLIST_FILE = TechBookTests/Info.plist;
				LD_RUNPATH_SEARCH_PATHS = (
					"$(inherited)",
					"@executable_path/Frameworks",
					"@loader_path/Frameworks",
				);
				PRODUCT_BUNDLE_IDENTIFIER = com.Moben.TechBookTests;
				PRODUCT_NAME = "$(TARGET_NAME)";
				SWIFT_VERSION = 4.2;
				TARGETED_DEVICE_FAMILY = "1,2";
				TEST_HOST = "$(BUILT_PRODUCTS_DIR)/TechBook.app/TechBook";
			};
			name = Release;
		};
		FAE5A56021F366F0007A8EA9 /* Debug */ = {
			isa = XCBuildConfiguration;
			buildSettings = {
				ALWAYS_EMBED_SWIFT_STANDARD_LIBRARIES = YES;
				CODE_SIGN_STYLE = Automatic;
				INFOPLIST_FILE = TechBookUITests/Info.plist;
				LD_RUNPATH_SEARCH_PATHS = (
					"$(inherited)",
					"@executable_path/Frameworks",
					"@loader_path/Frameworks",
				);
				PRODUCT_BUNDLE_IDENTIFIER = com.Moben.TechBookUITests;
				PRODUCT_NAME = "$(TARGET_NAME)";
				SWIFT_VERSION = 4.2;
				TARGETED_DEVICE_FAMILY = "1,2";
				TEST_TARGET_NAME = TechBook;
			};
			name = Debug;
		};
		FAE5A56121F366F0007A8EA9 /* Release */ = {
			isa = XCBuildConfiguration;
			buildSettings = {
				ALWAYS_EMBED_SWIFT_STANDARD_LIBRARIES = YES;
				CODE_SIGN_STYLE = Automatic;
				INFOPLIST_FILE = TechBookUITests/Info.plist;
				LD_RUNPATH_SEARCH_PATHS = (
					"$(inherited)",
					"@executable_path/Frameworks",
					"@loader_path/Frameworks",
				);
				PRODUCT_BUNDLE_IDENTIFIER = com.Moben.TechBookUITests;
				PRODUCT_NAME = "$(TARGET_NAME)";
				SWIFT_VERSION = 4.2;
				TARGETED_DEVICE_FAMILY = "1,2";
				TEST_TARGET_NAME = TechBook;
			};
			name = Release;
		};
/* End XCBuildConfiguration section */

/* Begin XCConfigurationList section */
		FAE5A52C21F366EE007A8EA9 /* Build configuration list for PBXProject "TechBook" */ = {
			isa = XCConfigurationList;
			buildConfigurations = (
				FAE5A55721F366F0007A8EA9 /* Debug */,
				FAE5A55821F366F0007A8EA9 /* Release */,
			);
			defaultConfigurationIsVisible = 0;
			defaultConfigurationName = Release;
		};
		FAE5A55921F366F0007A8EA9 /* Build configuration list for PBXNativeTarget "TechBook" */ = {
			isa = XCConfigurationList;
			buildConfigurations = (
				FAE5A55A21F366F0007A8EA9 /* Debug */,
				FAE5A55B21F366F0007A8EA9 /* Release */,
			);
			defaultConfigurationIsVisible = 0;
			defaultConfigurationName = Release;
		};
		FAE5A55C21F366F0007A8EA9 /* Build configuration list for PBXNativeTarget "TechBookTests" */ = {
			isa = XCConfigurationList;
			buildConfigurations = (
				FAE5A55D21F366F0007A8EA9 /* Debug */,
				FAE5A55E21F366F0007A8EA9 /* Release */,
			);
			defaultConfigurationIsVisible = 0;
			defaultConfigurationName = Release;
		};
		FAE5A55F21F366F0007A8EA9 /* Build configuration list for PBXNativeTarget "TechBookUITests" */ = {
			isa = XCConfigurationList;
			buildConfigurations = (
				FAE5A56021F366F0007A8EA9 /* Debug */,
				FAE5A56121F366F0007A8EA9 /* Release */,
			);
			defaultConfigurationIsVisible = 0;
			defaultConfigurationName = Release;
		};
/* End XCConfigurationList section */
	};
	rootObject = FAE5A52921F366EE007A8EA9 /* Project object */;
}
